
Microsoft Visual Studio Solution File, Format Version 12.00
# Visual Studio Version 17
VisualStudioVersion = 17.9.34714.143
MinimumVisualStudioVersion = 10.0.40219.1
Project("{FAE04EC0-301F-11D3-BF4B-00C04F79EFBC}") = "CRUX.ParicalClass", "CRUX.ParicalClass.csproj", "{7C424956-0424-4A7B-B598-C76FA27C6C9D}"
EndProject
Project("{FAE04EC0-301F-11D3-BF4B-00C04F79EFBC}") = "SolidPrinciples", "..\SolidPrinciples\SolidPrinciples.csproj", "{D57B58E1-F85E-4E89-B3BC-6CF543E67232}"
EndProject
Global
	GlobalSection(SolutionConfigurationPlatforms) = preSolution
		Debug|Any CPU = Debug|Any CPU
		Release|Any CPU = Release|Any CPU
	EndGlobalSection
	GlobalSection(ProjectConfigurationPlatforms) = postSolution
		{7C424956-0424-4A7B-B598-C76FA27C6C9D}.Debug|Any CPU.ActiveCfg = Debug|Any CPU
		{7C424956-0424-4A7B-B598-C76FA27C6C9D}.Debug|Any CPU.Build.0 = Debug|Any CPU
		{7C424956-0424-4A7B-B598-C76FA27C6C9D}.Release|Any CPU.ActiveCfg = Release|Any CPU
		{7C424956-0424-4A7B-B598-C76FA27C6C9D}.Release|Any CPU.Build.0 = Release|Any CPU
		{D57B58E1-F85E-4E89-B3BC-6CF543E67232}.Debug|Any CPU.ActiveCfg = Debug|Any CPU
		{D57B58E1-F85E-4E89-B3BC-6CF543E67232}.Debug|Any CPU.Build.0 = Debug|Any CPU
		{D57B58E1-F85E-4E89-B3BC-6CF543E67232}.Release|Any CPU.ActiveCfg = Release|Any CPU
		{D57B58E1-F85E-4E89-B3BC-6CF543E67232}.Release|Any CPU.Build.0 = Release|Any CPU
	EndGlobalSection
	GlobalSection(SolutionProperties) = preSolution
		HideSolutionNode = FALSE
	EndGlobalSection
	GlobalSection(ExtensibilityGlobals) = postSolution
		SolutionGuid = {F4B5934E-52B6-4821-AECF-0896D2A1524D}
	EndGlobalSection
EndGlobal
